
Microsoft Visual Studio Solution File, Format Version 12.00
# Visual Studio Version 16
VisualStudioVersion = 16.0.28803.452
MinimumVisualStudioVersion = 10.0.40219.1
Project("{FAE04EC0-301F-11D3-BF4B-00C04F79EFBC}") = "PaylocityMSTest", "PaylocityMSTest\PaylocityMSTest.csproj", "{B9CA9340-B5F6-43D2-A96E-B069FA914771}"
EndProject
Global
	GlobalSection(SolutionConfigurationPlatforms) = preSolution
		Debug|Any CPU = Debug|Any CPU
		Release|Any CPU = Release|Any CPU
	EndGlobalSection
	GlobalSection(ProjectConfigurationPlatforms) = postSolution
		{B9CA9340-B5F6-43D2-A96E-B069FA914771}.Debug|Any CPU.ActiveCfg = Debug|Any CPU
		{B9CA9340-B5F6-43D2-A96E-B069FA914771}.Debug|Any CPU.Build.0 = Debug|Any CPU
		{B9CA9340-B5F6-43D2-A96E-B069FA914771}.Release|Any CPU.ActiveCfg = Release|Any CPU
		{B9CA9340-B5F6-43D2-A96E-B069FA914771}.Release|Any CPU.Build.0 = Release|Any CPU
	EndGlobalSection
	GlobalSection(SolutionProperties) = preSolution
		HideSolutionNode = FALSE
	EndGlobalSection
	GlobalSection(ExtensibilityGlobals) = postSolution
		SolutionGuid = {E3920C3B-DCBF-4199-923A-B4E8899DDD74}
	EndGlobalSection
EndGlobal
